{
  "requires": true,
  "lockfileVersion": 1,
  "dependencies": {
    "@angular/material": {
      "version": "7.3.1",
      "resolved": "https://registry.npmjs.org/@angular/material/-/material-7.3.1.tgz",
      "integrity": "sha512-txq2y/JSB+05l8a/OfnByw7AEKSeAWAJ49jzCoeb3804sCeVEbvuWZfpmKBX8vCVTZh005Ypuk55R4NP5AIgaw==",
      "requires": {
        "tslib": "^1.7.1"
      }
    },
    "tslib": {
      "version": "1.9.3",
      "resolved": "https://registry.npmjs.org/tslib/-/tslib-1.9.3.tgz",
      "integrity": "sha512-4krF8scpejhaOgqzBEcGM7yDIEfi0/8+8zDRZhNZZ2kjmHJ4hv3zCbQWxoJGz1iw5U0Jl0nma13xzHXcncMavQ=="
    }
  }
}
